<?xml version="1.0" encoding="utf-8"?>
<Project ToolsVersion="16.0" xmlns="http://schemas.microsoft.com/developer/msbuild/2003">
  <ItemGroup>
    <ClCompile Include="C:\Users\nkinsky\Documents\plugin-GUI2\Plugins\ChannelMappingNode\OpenEphysLib.cpp">
      <Filter>Source Files</Filter>
    </ClCompile>
    <ClCompile Include="C:\Users\nkinsky\Documents\plugin-GUI2\Plugins\ChannelMappingNode\ChannelMappingNode.cpp">
      <Filter>Source Files</Filter>
    </ClCompile>
    <ClCompile Include="C:\Users\nkinsky\Documents\plugin-GUI2\Plugins\ChannelMappingNode\ChannelMappingEditor.cpp">
      <Filter>Source Files</Filter>
    </ClCompile>
  </ItemGroup>
  <ItemGroup>
    <ClInclude Include="C:\Users\nkinsky\Documents\plugin-GUI2\Plugins\ChannelMappingNode\ChannelMappingNode.h">
      <Filter>Header Files</Filter>
    </ClInclude>
    <ClInclude Include="C:\Users\nkinsky\Documents\plugin-GUI2\Plugins\ChannelMappingNode\ChannelMappingEditor.h">
      <Filter>Header Files</Filter>
    </ClInclude>
  </ItemGroup>
  <ItemGroup>
    <CustomBuild Include="C:\Users\nkinsky\Documents\plugin-GUI2\Plugins\ChannelMappingNode\CMakeLists.txt" />
  </ItemGroup>
  <ItemGroup>
    <Filter Include="Header Files">
      <UniqueIdentifier>{07221AE9-7408-3BD0-AD30-BDA4B9D2A3FF}</UniqueIdentifier>
    </Filter>
    <Filter Include="Source Files">
      <UniqueIdentifier>{437C3F99-ED85-3527-819E-A440AFCACFBE}</UniqueIdentifier>
    </Filter>
  </ItemGroup>
</Project>
