<?xml version="1.0" encoding="utf-8"?>
<Project ToolsVersion="16.0" xmlns="http://schemas.microsoft.com/developer/msbuild/2003">
  <ItemGroup>
    <ClCompile Include="NatPlugin2.cpp">
      <Filter>Source Files</Filter>
    </ClCompile>
    <ClCompile Include="NatPlugin2Editor.cpp">
      <Filter>Source Files</Filter>
    </ClCompile>
    <ClCompile Include="OpenEphysLib.cpp">
      <Filter>Source Files</Filter>
    </ClCompile>
  </ItemGroup>
  <ItemGroup>
    <ClInclude Include="NatPlugin2Editor.h">
      <Filter>Header Files</Filter>
    </ClInclude>
    <ClInclude Include="NatPlugin2.h">
      <Filter>Header Files</Filter>
    </ClInclude>
  </ItemGroup>
  <ItemGroup>
    <Filter Include="Header Files">
      <UniqueIdentifier>{07221AE9-7408-3BD0-AD30-BDA4B9D2A3FF}</UniqueIdentifier>
    </Filter>
    <Filter Include="Source Files">
      <UniqueIdentifier>{437C3F99-ED85-3527-819E-A440AFCACFBE}</UniqueIdentifier>
    </Filter>
  </ItemGroup>
  <ItemGroup>
    <Text Include="CMakeLists.txt" />
  </ItemGroup>
</Project>